
Microsoft Visual Studio Solution File, Format Version 12.00
# Visual Studio Version 17
VisualStudioVersion = 17.3.32811.315
MinimumVisualStudioVersion = 10.0.40219.1
Project("{9A19103F-16F7-4668-BE54-9A1E7A4F7556}") = "ICode.API", "ICode.API\ICode.API.csproj", "{6ECBD1D6-2F6A-4180-A7DD-C52E08DB5AD9}"
EndProject
Project("{9A19103F-16F7-4668-BE54-9A1E7A4F7556}") = "ICode.Models", "ICode.Models\ICode.Models.csproj", "{74CE842A-8233-4E6B-9E4C-A93954B683D1}"
EndProject
Project("{9A19103F-16F7-4668-BE54-9A1E7A4F7556}") = "ICode.Data", "ICode.Data\ICode.Data.csproj", "{DE781535-4E97-4DE7-A32C-A16627D3F430}"
EndProject
Project("{9A19103F-16F7-4668-BE54-9A1E7A4F7556}") = "ICode.Services", "ICode.Services\ICode.Services.csproj", "{5ACF0C60-D338-4D69-A861-DCC1CC15363F}"
EndProject
Project("{9A19103F-16F7-4668-BE54-9A1E7A4F7556}") = "ICode.UnitTest", "ICode.UnitTest\ICode.UnitTest.csproj", "{8816935A-8236-419F-948A-5912C0A3EDF5}"
EndProject
Project("{9A19103F-16F7-4668-BE54-9A1E7A4F7556}") = "ICode.Common", "ICode.Common\ICode.Common.csproj", "{A8F0948D-514E-43F7-99BD-7D989DA74077}"
EndProject
Project("{9A19103F-16F7-4668-BE54-9A1E7A4F7556}") = "ICode.Mapper", "ICode.Mapper\ICode.Mapper.csproj", "{121F37B6-FF1B-42AD-B70E-7D7866C5538E}"
EndProject
Project("{FAE04EC0-301F-11D3-BF4B-00C04F79EFBC}") = "ICode.Web", "ICode.Web\ICode.Web.csproj", "{66D7A90F-8554-4569-97E6-08059BA2C7EA}"
EndProject
Global
	GlobalSection(SolutionConfigurationPlatforms) = preSolution
		Debug|Any CPU = Debug|Any CPU
		Release|Any CPU = Release|Any CPU
	EndGlobalSection
	GlobalSection(ProjectConfigurationPlatforms) = postSolution
		{6ECBD1D6-2F6A-4180-A7DD-C52E08DB5AD9}.Debug|Any CPU.ActiveCfg = Debug|Any CPU
		{6ECBD1D6-2F6A-4180-A7DD-C52E08DB5AD9}.Debug|Any CPU.Build.0 = Debug|Any CPU
		{6ECBD1D6-2F6A-4180-A7DD-C52E08DB5AD9}.Release|Any CPU.ActiveCfg = Release|Any CPU
		{6ECBD1D6-2F6A-4180-A7DD-C52E08DB5AD9}.Release|Any CPU.Build.0 = Release|Any CPU
		{74CE842A-8233-4E6B-9E4C-A93954B683D1}.Debug|Any CPU.ActiveCfg = Debug|Any CPU
		{74CE842A-8233-4E6B-9E4C-A93954B683D1}.Debug|Any CPU.Build.0 = Debug|Any CPU
		{74CE842A-8233-4E6B-9E4C-A93954B683D1}.Release|Any CPU.ActiveCfg = Release|Any CPU
		{74CE842A-8233-4E6B-9E4C-A93954B683D1}.Release|Any CPU.Build.0 = Release|Any CPU
		{DE781535-4E97-4DE7-A32C-A16627D3F430}.Debug|Any CPU.ActiveCfg = Debug|Any CPU
		{DE781535-4E97-4DE7-A32C-A16627D3F430}.Debug|Any CPU.Build.0 = Debug|Any CPU
		{DE781535-4E97-4DE7-A32C-A16627D3F430}.Release|Any CPU.ActiveCfg = Release|Any CPU
		{DE781535-4E97-4DE7-A32C-A16627D3F430}.Release|Any CPU.Build.0 = Release|Any CPU
		{5ACF0C60-D338-4D69-A861-DCC1CC15363F}.Debug|Any CPU.ActiveCfg = Debug|Any CPU
		{5ACF0C60-D338-4D69-A861-DCC1CC15363F}.Debug|Any CPU.Build.0 = Debug|Any CPU
		{5ACF0C60-D338-4D69-A861-DCC1CC15363F}.Release|Any CPU.ActiveCfg = Release|Any CPU
		{5ACF0C60-D338-4D69-A861-DCC1CC15363F}.Release|Any CPU.Build.0 = Release|Any CPU
		{8816935A-8236-419F-948A-5912C0A3EDF5}.Debug|Any CPU.ActiveCfg = Debug|Any CPU
		{8816935A-8236-419F-948A-5912C0A3EDF5}.Debug|Any CPU.Build.0 = Debug|Any CPU
		{8816935A-8236-419F-948A-5912C0A3EDF5}.Release|Any CPU.ActiveCfg = Release|Any CPU
		{8816935A-8236-419F-948A-5912C0A3EDF5}.Release|Any CPU.Build.0 = Release|Any CPU
		{A8F0948D-514E-43F7-99BD-7D989DA74077}.Debug|Any CPU.ActiveCfg = Debug|Any CPU
		{A8F0948D-514E-43F7-99BD-7D989DA74077}.Debug|Any CPU.Build.0 = Debug|Any CPU
		{A8F0948D-514E-43F7-99BD-7D989DA74077}.Release|Any CPU.ActiveCfg = Release|Any CPU
		{A8F0948D-514E-43F7-99BD-7D989DA74077}.Release|Any CPU.Build.0 = Release|Any CPU
		{121F37B6-FF1B-42AD-B70E-7D7866C5538E}.Debug|Any CPU.ActiveCfg = Debug|Any CPU
		{121F37B6-FF1B-42AD-B70E-7D7866C5538E}.Debug|Any CPU.Build.0 = Debug|Any CPU
		{121F37B6-FF1B-42AD-B70E-7D7866C5538E}.Release|Any CPU.ActiveCfg = Release|Any CPU
		{121F37B6-FF1B-42AD-B70E-7D7866C5538E}.Release|Any CPU.Build.0 = Release|Any CPU
		{66D7A90F-8554-4569-97E6-08059BA2C7EA}.Debug|Any CPU.ActiveCfg = Debug|Any CPU
		{66D7A90F-8554-4569-97E6-08059BA2C7EA}.Debug|Any CPU.Build.0 = Debug|Any CPU
		{66D7A90F-8554-4569-97E6-08059BA2C7EA}.Release|Any CPU.ActiveCfg = Release|Any CPU
		{66D7A90F-8554-4569-97E6-08059BA2C7EA}.Release|Any CPU.Build.0 = Release|Any CPU
	EndGlobalSection
	GlobalSection(SolutionProperties) = preSolution
		HideSolutionNode = FALSE
	EndGlobalSection
	GlobalSection(ExtensibilityGlobals) = postSolution
		SolutionGuid = {722F33C9-C665-4A80-BAAB-9405965B2AD5}
	EndGlobalSection
EndGlobal
