
Microsoft Visual Studio Solution File, Format Version 12.00
# Visual Studio Version 17
VisualStudioVersion = 17.3.32811.315
MinimumVisualStudioVersion = 10.0.40219.1
Project("{9A19103F-16F7-4668-BE54-9A1E7A4F7556}") = "API", "API\API.csproj", "{6ECBD1D6-2F6A-4180-A7DD-C52E08DB5AD9}"
EndProject
Project("{9A19103F-16F7-4668-BE54-9A1E7A4F7556}") = "Web", "Web\Web.csproj", "{5C6A2018-784B-4D1B-ABAA-76404F75CC90}"
EndProject
Project("{9A19103F-16F7-4668-BE54-9A1E7A4F7556}") = "Models", "Models\Models.csproj", "{74CE842A-8233-4E6B-9E4C-A93954B683D1}"
EndProject
Global
	GlobalSection(SolutionConfigurationPlatforms) = preSolution
		Debug|Any CPU = Debug|Any CPU
		Release|Any CPU = Release|Any CPU
	EndGlobalSection
	GlobalSection(ProjectConfigurationPlatforms) = postSolution
		{6ECBD1D6-2F6A-4180-A7DD-C52E08DB5AD9}.Debug|Any CPU.ActiveCfg = Debug|Any CPU
		{6ECBD1D6-2F6A-4180-A7DD-C52E08DB5AD9}.Debug|Any CPU.Build.0 = Debug|Any CPU
		{6ECBD1D6-2F6A-4180-A7DD-C52E08DB5AD9}.Release|Any CPU.ActiveCfg = Release|Any CPU
		{6ECBD1D6-2F6A-4180-A7DD-C52E08DB5AD9}.Release|Any CPU.Build.0 = Release|Any CPU
		{5C6A2018-784B-4D1B-ABAA-76404F75CC90}.Debug|Any CPU.ActiveCfg = Debug|Any CPU
		{5C6A2018-784B-4D1B-ABAA-76404F75CC90}.Debug|Any CPU.Build.0 = Debug|Any CPU
		{5C6A2018-784B-4D1B-ABAA-76404F75CC90}.Release|Any CPU.ActiveCfg = Release|Any CPU
		{5C6A2018-784B-4D1B-ABAA-76404F75CC90}.Release|Any CPU.Build.0 = Release|Any CPU
		{74CE842A-8233-4E6B-9E4C-A93954B683D1}.Debug|Any CPU.ActiveCfg = Debug|Any CPU
		{74CE842A-8233-4E6B-9E4C-A93954B683D1}.Debug|Any CPU.Build.0 = Debug|Any CPU
		{74CE842A-8233-4E6B-9E4C-A93954B683D1}.Release|Any CPU.ActiveCfg = Release|Any CPU
		{74CE842A-8233-4E6B-9E4C-A93954B683D1}.Release|Any CPU.Build.0 = Release|Any CPU
	EndGlobalSection
	GlobalSection(SolutionProperties) = preSolution
		HideSolutionNode = FALSE
	EndGlobalSection
	GlobalSection(ExtensibilityGlobals) = postSolution
		SolutionGuid = {722F33C9-C665-4A80-BAAB-9405965B2AD5}
	EndGlobalSection
EndGlobal
